# Generated by pub — FIXTURE, contains only innocuous packages.
packages:
  meta:
    dependency: "direct main"
    description:
      name: meta
      sha256: "0000000000000000000000000000000000000000000000000000000000000000"
      url: "https://pub.dev"
    source: hosted
    version: "1.15.0"
  collection:
    dependency: transitive
    description:
      name: collection
      sha256: "3333333333333333333333333333333333333333333333333333333333333333"
      url: "https://pub.dev"
    source: hosted
    version: "1.19.0"
sdks:
  dart: ">=3.9.0 <4.0.0"
