# Generated by pub — FIXTURE, deliberately contains denylisted packages.
packages:
  meta:
    dependency: "direct main"
    description:
      name: meta
      sha256: "0000000000000000000000000000000000000000000000000000000000000000"
      url: "https://pub.dev"
    source: hosted
    version: "1.15.0"
  firebase_analytics:
    dependency: "direct main"
    description:
      name: firebase_analytics
      sha256: "1111111111111111111111111111111111111111111111111111111111111111"
      url: "https://pub.dev"
    source: hosted
    version: "11.3.3"
  appsflyer_sdk:
    dependency: transitive
    description:
      name: appsflyer_sdk
      sha256: "2222222222222222222222222222222222222222222222222222222222222222"
      url: "https://pub.dev"
    source: hosted
    version: "6.14.3"
sdks:
  dart: ">=3.9.0 <4.0.0"
